// !$*UTF8*$!
{
	archiveVersion = 1;
	classes = {
	};
	objectVersion = 46;
	objects = {

/* Begin PBXBuildFile section */
		9A51078E1B167F0400FFFA5B /* Memes.swift in Sources */ = {isa = PBXBuildFile; fileRef = 9A51078D1B167F0400FFFA5B /* Memes.swift */; };
		9A5107901B16EFF900FFFA5B /* CustomMemeCell.swift in Sources */ = {isa = PBXBuildFile; fileRef = 9A51078F1B16EFF900FFFA5B /* CustomMemeCell.swift */; };
		9A5107921B16F20900FFFA5B /* MemeDetailViewController.swift in Sources */ = {isa = PBXBuildFile; fileRef = 9A5107911B16F20900FFFA5B /* MemeDetailViewController.swift */; };
		9A5F3B421B100FAD00B3DA24 /* AppDelegate.swift in Sources */ = {isa = PBXBuildFile; fileRef = 9A5F3B411B100FAD00B3DA24 /* AppDelegate.swift */; };
		9A5F3B471B100FAD00B3DA24 /* Main.storyboard in Resources */ = {isa = PBXBuildFile; fileRef = 9A5F3B451B100FAD00B3DA24 /* Main.storyboard */; };
		9A5F3B491B100FAD00B3DA24 /* Images.xcassets in Resources */ = {isa = PBXBuildFile; fileRef = 9A5F3B481B100FAD00B3DA24 /* Images.xcassets */; };
		9A5F3B4C1B100FAD00B3DA24 /* LaunchScreen.xib in Resources */ = {isa = PBXBuildFile; fileRef = 9A5F3B4A1B100FAD00B3DA24 /* LaunchScreen.xib */; };
		9A5F3B621B107EA500B3DA24 /* MemeEditorViewController.swift in Sources */ = {isa = PBXBuildFile; fileRef = 9A5F3B611B107EA500B3DA24 /* MemeEditorViewController.swift */; };
		9AE366871B159C52007878A9 /* MemeCollectionViewController.swift in Sources */ = {isa = PBXBuildFile; fileRef = 9AE366861B159C52007878A9 /* MemeCollectionViewController.swift */; };
		9AE366891B15A740007878A9 /* MemeTableViewController.swift in Sources */ = {isa = PBXBuildFile; fileRef = 9AE366881B15A740007878A9 /* MemeTableViewController.swift */; };
/* End PBXBuildFile section */

/* Begin PBXContainerItemProxy section */
		9A5F3B521B100FAD00B3DA24 /* PBXContainerItemProxy */ = {
			isa = PBXContainerItemProxy;
			containerPortal = 9A5F3B341B100FAD00B3DA24 /* Project object */;
			proxyType = 1;
			remoteGlobalIDString = 9A5F3B3B1B100FAD00B3DA24;
			remoteInfo = MemeMe;
		};
/* End PBXContainerItemProxy section */

/* Begin PBXFileReference section */
		9A51078D1B167F0400FFFA5B /* Memes.swift */ = {isa = PBXFileReference; fileEncoding = 4; lastKnownFileType = sourcecode.swift; path = Memes.swift; sourceTree = "<group>"; };
		9A51078F1B16EFF900FFFA5B /* CustomMemeCell.swift */ = {isa = PBXFileReference; fileEncoding = 4; lastKnownFileType = sourcecode.swift; path = CustomMemeCell.swift; sourceTree = "<group>"; };
		9A5107911B16F20900FFFA5B /* MemeDetailViewController.swift */ = {isa = PBXFileReference; fileEncoding = 4; lastKnownFileType = sourcecode.swift; path = MemeDetailViewController.swift; sourceTree = "<group>"; };
		9A5F3B3C1B100FAD00B3DA24 /* MemeMe.app */ = {isa = PBXFileReference; explicitFileType = wrapper.application; includeInIndex = 0; path = MemeMe.app; sourceTree = BUILT_PRODUCTS_DIR; };
		9A5F3B401B100FAD00B3DA24 /* Info.plist */ = {isa = PBXFileReference; lastKnownFileType = text.plist.xml; path = Info.plist; sourceTree = "<group>"; };
		9A5F3B411B100FAD00B3DA24 /* AppDelegate.swift */ = {isa = PBXFileReference; lastKnownFileType = sourcecode.swift; path = AppDelegate.swift; sourceTree = "<group>"; };
		9A5F3B461B100FAD00B3DA24 /* Base */ = {isa = PBXFileReference; lastKnownFileType = file.storyboard; name = Base; path = Base.lproj/Main.storyboard; sourceTree = "<group>"; };
		9A5F3B481B100FAD00B3DA24 /* Images.xcassets */ = {isa = PBXFileReference; lastKnownFileType = folder.assetcatalog; path = Images.xcassets; sourceTree = "<group>"; };
		9A5F3B4B1B100FAD00B3DA24 /* Base */ = {isa = PBXFileReference; lastKnownFileType = file.xib; name = Base; path = Base.lproj/LaunchScreen.xib; sourceTree = "<group>"; };
		9A5F3B511B100FAD00B3DA24 /* MemeMeTests.xctest */ = {isa = PBXFileReference; explicitFileType = wrapper.cfbundle; includeInIndex = 0; path = MemeMeTests.xctest; sourceTree = BUILT_PRODUCTS_DIR; };
		9A5F3B611B107EA500B3DA24 /* MemeEditorViewController.swift */ = {isa = PBXFileReference; fileEncoding = 4; lastKnownFileType = sourcecode.swift; path = MemeEditorViewController.swift; sourceTree = "<group>"; };
		9AE366861B159C52007878A9 /* MemeCollectionViewController.swift */ = {isa = PBXFileReference; fileEncoding = 4; lastKnownFileType = sourcecode.swift; path = MemeCollectionViewController.swift; sourceTree = "<group>"; };
		9AE366881B15A740007878A9 /* MemeTableViewController.swift */ = {isa = PBXFileReference; fileEncoding = 4; lastKnownFileType = sourcecode.swift; path = MemeTableViewController.swift; sourceTree = "<group>"; };
/* End PBXFileReference section */

/* Begin PBXFrameworksBuildPhase section */
		9A5F3B391B100FAD00B3DA24 /* Frameworks */ = {
			isa = PBXFrameworksBuildPhase;
			buildActionMask = 2147483647;
			files = (
			);
			runOnlyForDeploymentPostprocessing = 0;
		};
		9A5F3B4E1B100FAD00B3DA24 /* Frameworks */ = {
			isa = PBXFrameworksBuildPhase;
			buildActionMask = 2147483647;
			files = (
			);
			runOnlyForDeploymentPostprocessing = 0;
		};
/* End PBXFrameworksBuildPhase section */

/* Begin PBXGroup section */
		9A5F3B331B100FAD00B3DA24 = {
			isa = PBXGroup;
			children = (
				9A5F3B3E1B100FAD00B3DA24 /* MemeMe */,
				9A5F3B3D1B100FAD00B3DA24 /* Products */,
			);
			sourceTree = "<group>";
		};
		9A5F3B3D1B100FAD00B3DA24 /* Products */ = {
			isa = PBXGroup;
			children = (
				9A5F3B3C1B100FAD00B3DA24 /* MemeMe.app */,
				9A5F3B511B100FAD00B3DA24 /* MemeMeTests.xctest */,
			);
			name = Products;
			sourceTree = "<group>";
		};
		9A5F3B3E1B100FAD00B3DA24 /* MemeMe */ = {
			isa = PBXGroup;
			children = (
				9A5107911B16F20900FFFA5B /* MemeDetailViewController.swift */,
				9A5F3B611B107EA500B3DA24 /* MemeEditorViewController.swift */,
				9AE366861B159C52007878A9 /* MemeCollectionViewController.swift */,
				9AE366881B15A740007878A9 /* MemeTableViewController.swift */,
				9A5F3B411B100FAD00B3DA24 /* AppDelegate.swift */,
				9A5F3B451B100FAD00B3DA24 /* Main.storyboard */,
				9A5F3B481B100FAD00B3DA24 /* Images.xcassets */,
				9A5F3B4A1B100FAD00B3DA24 /* LaunchScreen.xib */,
				9A5F3B3F1B100FAD00B3DA24 /* Supporting Files */,
				9A51078F1B16EFF900FFFA5B /* CustomMemeCell.swift */,
			);
			path = MemeMe;
			sourceTree = "<group>";
		};
		9A5F3B3F1B100FAD00B3DA24 /* Supporting Files */ = {
			isa = PBXGroup;
			children = (
				9A51078D1B167F0400FFFA5B /* Memes.swift */,
				9A5F3B401B100FAD00B3DA24 /* Info.plist */,
			);
			name = "Supporting Files";
			sourceTree = "<group>";
		};
/* End PBXGroup section */

/* Begin PBXNativeTarget section */
		9A5F3B3B1B100FAD00B3DA24 /* MemeMe */ = {
			isa = PBXNativeTarget;
			buildConfigurationList = 9A5F3B5B1B100FAD00B3DA24 /* Build configuration list for PBXNativeTarget "MemeMe" */;
			buildPhases = (
				9A5F3B381B100FAD00B3DA24 /* Sources */,
				9A5F3B391B100FAD00B3DA24 /* Frameworks */,
				9A5F3B3A1B100FAD00B3DA24 /* Resources */,
			);
			buildRules = (
			);
			dependencies = (
			);
			name = MemeMe;
			productName = MemeMe;
			productReference = 9A5F3B3C1B100FAD00B3DA24 /* MemeMe.app */;
			productType = "com.apple.product-type.application";
		};
		9A5F3B501B100FAD00B3DA24 /* MemeMeTests */ = {
			isa = PBXNativeTarget;
			buildConfigurationList = 9A5F3B5E1B100FAD00B3DA24 /* Build configuration list for PBXNativeTarget "MemeMeTests" */;
			buildPhases = (
				9A5F3B4D1B100FAD00B3DA24 /* Sources */,
				9A5F3B4E1B100FAD00B3DA24 /* Frameworks */,
				9A5F3B4F1B100FAD00B3DA24 /* Resources */,
			);
			buildRules = (
			);
			dependencies = (
				9A5F3B531B100FAD00B3DA24 /* PBXTargetDependency */,
			);
			name = MemeMeTests;
			productName = MemeMeTests;
			productReference = 9A5F3B511B100FAD00B3DA24 /* MemeMeTests.xctest */;
			productType = "com.apple.product-type.bundle.unit-test";
		};
/* End PBXNativeTarget section */

/* Begin PBXProject section */
		9A5F3B341B100FAD00B3DA24 /* Project object */ = {
			isa = PBXProject;
			attributes = {
				LastUpgradeCheck = 0630;
				ORGANIZATIONNAME = Jericho;
				TargetAttributes = {
					9A5F3B3B1B100FAD00B3DA24 = {
						CreatedOnToolsVersion = 6.3.1;
					};
					9A5F3B501B100FAD00B3DA24 = {
						CreatedOnToolsVersion = 6.3.1;
						TestTargetID = 9A5F3B3B1B100FAD00B3DA24;
					};
				};
			};
			buildConfigurationList = 9A5F3B371B100FAD00B3DA24 /* Build configuration list for PBXProject "MemeMe" */;
			compatibilityVersion = "Xcode 3.2";
			developmentRegion = English;
			hasScannedForEncodings = 0;
			knownRegions = (
				en,
				Base,
			);
			mainGroup = 9A5F3B331B100FAD00B3DA24;
			productRefGroup = 9A5F3B3D1B100FAD00B3DA24 /* Products */;
			projectDirPath = "";
			projectRoot = "";
			targets = (
				9A5F3B3B1B100FAD00B3DA24 /* MemeMe */,
				9A5F3B501B100FAD00B3DA24 /* MemeMeTests */,
			);
		};
/* End PBXProject section */

/* Begin PBXResourcesBuildPhase section */
		9A5F3B3A1B100FAD00B3DA24 /* Resources */ = {
			isa = PBXResourcesBuildPhase;
			buildActionMask = 2147483647;
			files = (
				9A5F3B471B100FAD00B3DA24 /* Main.storyboard in Resources */,
				9A5F3B4C1B100FAD00B3DA24 /* LaunchScreen.xib in Resources */,
				9A5F3B491B100FAD00B3DA24 /* Images.xcassets in Resources */,
			);
			runOnlyForDeploymentPostprocessing = 0;
		};
		9A5F3B4F1B100FAD00B3DA24 /* Resources */ = {
			isa = PBXResourcesBuildPhase;
			buildActionMask = 2147483647;
			files = (
			);
			runOnlyForDeploymentPostprocessing = 0;
		};
/* End PBXResourcesBuildPhase section */

/* Begin PBXSourcesBuildPhase section */
		9A5F3B381B100FAD00B3DA24 /* Sources */ = {
			isa = PBXSourcesBuildPhase;
			buildActionMask = 2147483647;
			files = (
				9A5F3B621B107EA500B3DA24 /* MemeEditorViewController.swift in Sources */,
				9A5F3B421B100FAD00B3DA24 /* AppDelegate.swift in Sources */,
				9A51078E1B167F0400FFFA5B /* Memes.swift in Sources */,
				9AE366871B159C52007878A9 /* MemeCollectionViewController.swift in Sources */,
				9A5107921B16F20900FFFA5B /* MemeDetailViewController.swift in Sources */,
				9A5107901B16EFF900FFFA5B /* CustomMemeCell.swift in Sources */,
				9AE366891B15A740007878A9 /* MemeTableViewController.swift in Sources */,
			);
			runOnlyForDeploymentPostprocessing = 0;
		};
		9A5F3B4D1B100FAD00B3DA24 /* Sources */ = {
			isa = PBXSourcesBuildPhase;
			buildActionMask = 2147483647;
			files = (
			);
			runOnlyForDeploymentPostprocessing = 0;
		};
/* End PBXSourcesBuildPhase section */

/* Begin PBXTargetDependency section */
		9A5F3B531B100FAD00B3DA24 /* PBXTargetDependency */ = {
			isa = PBXTargetDependency;
			target = 9A5F3B3B1B100FAD00B3DA24 /* MemeMe */;
			targetProxy = 9A5F3B521B100FAD00B3DA24 /* PBXContainerItemProxy */;
		};
/* End PBXTargetDependency section */

/* Begin PBXVariantGroup section */
		9A5F3B451B100FAD00B3DA24 /* Main.storyboard */ = {
			isa = PBXVariantGroup;
			children = (
				9A5F3B461B100FAD00B3DA24 /* Base */,
			);
			name = Main.storyboard;
			sourceTree = "<group>";
		};
		9A5F3B4A1B100FAD00B3DA24 /* LaunchScreen.xib */ = {
			isa = PBXVariantGroup;
			children = (
				9A5F3B4B1B100FAD00B3DA24 /* Base */,
			);
			name = LaunchScreen.xib;
			sourceTree = "<group>";
		};
/* End PBXVariantGroup section */

/* Begin XCBuildConfiguration section */
		9A5F3B591B100FAD00B3DA24 /* Debug */ = {
			isa = XCBuildConfiguration;
			buildSettings = {
				ALWAYS_SEARCH_USER_PATHS = NO;
				CLANG_CXX_LANGUAGE_STANDARD = "gnu++0x";
				CLANG_CXX_LIBRARY = "libc++";
				CLANG_ENABLE_MODULES = YES;
				CLANG_ENABLE_OBJC_ARC = YES;
				CLANG_WARN_BOOL_CONVERSION = YES;
				CLANG_WARN_CONSTANT_CONVERSION = YES;
				CLANG_WARN_DIRECT_OBJC_ISA_USAGE = YES_ERROR;
				CLANG_WARN_EMPTY_BODY = YES;
				CLANG_WARN_ENUM_CONVERSION = YES;
				CLANG_WARN_INT_CONVERSION = YES;
				CLANG_WARN_OBJC_ROOT_CLASS = YES_ERROR;
				CLANG_WARN_UNREACHABLE_CODE = YES;
				CLANG_WARN__DUPLICATE_METHOD_MATCH = YES;
				"CODE_SIGN_IDENTITY[sdk=iphoneos*]" = "iPhone Developer";
				COPY_PHASE_STRIP = NO;
				DEBUG_INFORMATION_FORMAT = "dwarf-with-dsym";
				ENABLE_STRICT_OBJC_MSGSEND = YES;
				GCC_C_LANGUAGE_STANDARD = gnu99;
				GCC_DYNAMIC_NO_PIC = NO;
				GCC_NO_COMMON_BLOCKS = YES;
				GCC_OPTIMIZATION_LEVEL = 0;
				GCC_PREPROCESSOR_DEFINITIONS = (
					"DEBUG=1",
					"$(inherited)",
				);
				GCC_SYMBOLS_PRIVATE_EXTERN = NO;
				GCC_WARN_64_TO_32_BIT_CONVERSION = YES;
				GCC_WARN_ABOUT_RETURN_TYPE = YES_ERROR;
				GCC_WARN_UNDECLARED_SELECTOR = YES;
				GCC_WARN_UNINITIALIZED_AUTOS = YES_AGGRESSIVE;
				GCC_WARN_UNUSED_FUNCTION = YES;
				GCC_WARN_UNUSED_VARIABLE = YES;
				IPHONEOS_DEPLOYMENT_TARGET = 8.3;
				MTL_ENABLE_DEBUG_INFO = YES;
				ONLY_ACTIVE_ARCH = YES;
				SDKROOT = iphoneos;
				SWIFT_OPTIMIZATION_LEVEL = "-Onone";
			};
			name = Debug;
		};
		9A5F3B5A1B100FAD00B3DA24 /* Release */ = {
			isa = XCBuildConfiguration;
			buildSettings = {
				ALWAYS_SEARCH_USER_PATHS = NO;
				CLANG_CXX_LANGUAGE_STANDARD = "gnu++0x";
				CLANG_CXX_LIBRARY = "libc++";
				CLANG_ENABLE_MODULES = YES;
				CLANG_ENABLE_OBJC_ARC = YES;
				CLANG_WARN_BOOL_CONVERSION = YES;
				CLANG_WARN_CONSTANT_CONVERSION = YES;
				CLANG_WARN_DIRECT_OBJC_ISA_USAGE = YES_ERROR;
				CLANG_WARN_EMPTY_BODY = YES;
				CLANG_WARN_ENUM_CONVERSION = YES;
				CLANG_WARN_INT_CONVERSION = YES;
				CLANG_WARN_OBJC_ROOT_CLASS = YES_ERROR;
				CLANG_WARN_UNREACHABLE_CODE = YES;
				CLANG_WARN__DUPLICATE_METHOD_MATCH = YES;
				"CODE_SIGN_IDENTITY[sdk=iphoneos*]" = "iPhone Developer";
				COPY_PHASE_STRIP = NO;
				DEBUG_INFORMATION_FORMAT = "dwarf-with-dsym";
				ENABLE_NS_ASSERTIONS = NO;
				ENABLE_STRICT_OBJC_MSGSEND = YES;
				GCC_C_LANGUAGE_STANDARD = gnu99;
				GCC_NO_COMMON_BLOCKS = YES;
				GCC_WARN_64_TO_32_BIT_CONVERSION = YES;
				GCC_WARN_ABOUT_RETURN_TYPE = YES_ERROR;
				GCC_WARN_UNDECLARED_SELECTOR = YES;
				GCC_WARN_UNINITIALIZED_AUTOS = YES_AGGRESSIVE;
				GCC_WARN_UNUSED_FUNCTION = YES;
				GCC_WARN_UNUSED_VARIABLE = YES;
				IPHONEOS_DEPLOYMENT_TARGET = 8.3;
				MTL_ENABLE_DEBUG_INFO = NO;
				SDKROOT = iphoneos;
				VALIDATE_PRODUCT = YES;
			};
			name = Release;
		};
		9A5F3B5C1B100FAD00B3DA24 /* Debug */ = {
			isa = XCBuildConfiguration;
			buildSettings = {
				ASSETCATALOG_COMPILER_APPICON_NAME = AppIcon;
				INFOPLIST_FILE = MemeMe/Info.plist;
				LD_RUNPATH_SEARCH_PATHS = "$(inherited) @executable_path/Frameworks";
				ONLY_ACTIVE_ARCH = YES;
				PRODUCT_NAME = "$(TARGET_NAME)";
			};
			name = Debug;
		};
		9A5F3B5D1B100FAD00B3DA24 /* Release */ = {
			isa = XCBuildConfiguration;
			buildSettings = {
				ASSETCATALOG_COMPILER_APPICON_NAME = AppIcon;
				INFOPLIST_FILE = MemeMe/Info.plist;
				LD_RUNPATH_SEARCH_PATHS = "$(inherited) @executable_path/Frameworks";
				ONLY_ACTIVE_ARCH = YES;
				PRODUCT_NAME = "$(TARGET_NAME)";
				"VALID_ARCHS[sdk=*]" = "arm64 armv7 armv7s";
			};
			name = Release;
		};
		9A5F3B5F1B100FAD00B3DA24 /* Debug */ = {
			isa = XCBuildConfiguration;
			buildSettings = {
				BUNDLE_LOADER = "$(TEST_HOST)";
				FRAMEWORK_SEARCH_PATHS = (
					"$(SDKROOT)/Developer/Library/Frameworks",
					"$(inherited)",
				);
				GCC_PREPROCESSOR_DEFINITIONS = (
					"DEBUG=1",
					"$(inherited)",
				);
				INFOPLIST_FILE = MemeMeTests/Info.plist;
				LD_RUNPATH_SEARCH_PATHS = "$(inherited) @executable_path/Frameworks @loader_path/Frameworks";
				PRODUCT_NAME = "$(TARGET_NAME)";
				TEST_HOST = "$(BUILT_PRODUCTS_DIR)/MemeMe.app/MemeMe";
			};
			name = Debug;
		};
		9A5F3B601B100FAD00B3DA24 /* Release */ = {
			isa = XCBuildConfiguration;
			buildSettings = {
				BUNDLE_LOADER = "$(TEST_HOST)";
				FRAMEWORK_SEARCH_PATHS = (
					"$(SDKROOT)/Developer/Library/Frameworks",
					"$(inherited)",
				);
				INFOPLIST_FILE = MemeMeTests/Info.plist;
				LD_RUNPATH_SEARCH_PATHS = "$(inherited) @executable_path/Frameworks @loader_path/Frameworks";
				PRODUCT_NAME = "$(TARGET_NAME)";
				TEST_HOST = "$(BUILT_PRODUCTS_DIR)/MemeMe.app/MemeMe";
			};
			name = Release;
		};
/* End XCBuildConfiguration section */

/* Begin XCConfigurationList section */
		9A5F3B371B100FAD00B3DA24 /* Build configuration list for PBXProject "MemeMe" */ = {
			isa = XCConfigurationList;
			buildConfigurations = (
				9A5F3B591B100FAD00B3DA24 /* Debug */,
				9A5F3B5A1B100FAD00B3DA24 /* Release */,
			);
			defaultConfigurationIsVisible = 0;
			defaultConfigurationName = Release;
		};
		9A5F3B5B1B100FAD00B3DA24 /* Build configuration list for PBXNativeTarget "MemeMe" */ = {
			isa = XCConfigurationList;
			buildConfigurations = (
				9A5F3B5C1B100FAD00B3DA24 /* Debug */,
				9A5F3B5D1B100FAD00B3DA24 /* Release */,
			);
			defaultConfigurationIsVisible = 0;
			defaultConfigurationName = Release;
		};
		9A5F3B5E1B100FAD00B3DA24 /* Build configuration list for PBXNativeTarget "MemeMeTests" */ = {
			isa = XCConfigurationList;
			buildConfigurations = (
				9A5F3B5F1B100FAD00B3DA24 /* Debug */,
				9A5F3B601B100FAD00B3DA24 /* Release */,
			);
			defaultConfigurationIsVisible = 0;
			defaultConfigurationName = Release;
		};
/* End XCConfigurationList section */
	};
	rootObject = 9A5F3B341B100FAD00B3DA24 /* Project object */;
}
